
Microsoft Visual Studio Solution File, Format Version 12.00
# Visual Studio 15
VisualStudioVersion = 15.0.27703.2026
MinimumVisualStudioVersion = 10.0.40219.1
Project("{FAE04EC0-301F-11D3-BF4B-00C04F79EFBC}") = "Ass3_Q3_RecursionSteps", "Ass3_Q3_RecursionSteps\Ass3_Q3_RecursionSteps.csproj", "{17ADEBAB-C992-428B-86E5-54D15908A145}"
EndProject
Global
	GlobalSection(SolutionConfigurationPlatforms) = preSolution
		Debug|Any CPU = Debug|Any CPU
		Release|Any CPU = Release|Any CPU
	EndGlobalSection
	GlobalSection(ProjectConfigurationPlatforms) = postSolution
		{17ADEBAB-C992-428B-86E5-54D15908A145}.Debug|Any CPU.ActiveCfg = Debug|Any CPU
		{17ADEBAB-C992-428B-86E5-54D15908A145}.Debug|Any CPU.Build.0 = Debug|Any CPU
		{17ADEBAB-C992-428B-86E5-54D15908A145}.Release|Any CPU.ActiveCfg = Release|Any CPU
		{17ADEBAB-C992-428B-86E5-54D15908A145}.Release|Any CPU.Build.0 = Release|Any CPU
	EndGlobalSection
	GlobalSection(SolutionProperties) = preSolution
		HideSolutionNode = FALSE
	EndGlobalSection
	GlobalSection(ExtensibilityGlobals) = postSolution
		SolutionGuid = {5220D949-9D9A-4545-B26C-EFE8897B0222}
	EndGlobalSection
EndGlobal
